{"name":"dt-draft-hq","private":true,"version":"1.0.0","type":"module","scripts":{"dev":"vite","build":"tsc -b && vite build","preview":"vite preview"},"dependencies":{"@vitejs/plugin-react":"latest","lucide-react":"latest","react":"latest","react-dom":"latest","typescript":"latest","vite":"latest","vite-plugin-pwa":"latest","workbox-window":"^7.4.1"},"devDependencies":{"@types/react":"latest","@types/react-dom":"latest"}}
